// !$*UTF8*$!
{
	archiveVersion = 1;
	classes = {
	};
	objectVersion = 46;
	objects = {

/* Begin PBXBuildFile section */
		200CBFFA19BEA03300DE39F4 /* Humanst521.ttf in Resources */ = {isa = PBXBuildFile; fileRef = 200CBFF919BEA03300DE39F4 /* Humanst521.ttf */; };
		200CBFFD19BED7C300DE39F4 /* ExhibitionCollectionViewCell.m in Sources */ = {isa = PBXBuildFile; fileRef = 200CBFFC19BED7C300DE39F4 /* ExhibitionCollectionViewCell.m */; };
		201B348319B43D680081CC1C /* FEIACategoryPickerTextField.m in Sources */ = {isa = PBXBuildFile; fileRef = 201B348219B43D680081CC1C /* FEIACategoryPickerTextField.m */; };
		201B348619B44FA30081CC1C /* UIImage+FEIA.m in Sources */ = {isa = PBXBuildFile; fileRef = 201B348519B44FA30081CC1C /* UIImage+FEIA.m */; };
		201B348819B4660E0081CC1C /* MapKit.framework in Frameworks */ = {isa = PBXBuildFile; fileRef = 201B348719B4660E0081CC1C /* MapKit.framework */; };
		2031505D19C0105C00D16A8B /* EventDB.m in Sources */ = {isa = PBXBuildFile; fileRef = 2031505C19C0105C00D16A8B /* EventDB.m */; };
		2031506019C0238E00D16A8B /* DisplayMap.m in Sources */ = {isa = PBXBuildFile; fileRef = 2031505F19C0238E00D16A8B /* DisplayMap.m */; };
		20458F2219B7C66E00E65EFE /* eventos.txt in Resources */ = {isa = PBXBuildFile; fileRef = 20458F2119B7C66E00E65EFE /* eventos.txt */; };
		20458F2319B7C8F800E65EFE /* GeosansLight-Oblique.ttf in Resources */ = {isa = PBXBuildFile; fileRef = 201B34AE19B6C8830081CC1C /* GeosansLight-Oblique.ttf */; };
		20458F2419B7C8FB00E65EFE /* GeosansLight.ttf in Resources */ = {isa = PBXBuildFile; fileRef = 201B34AF19B6C8830081CC1C /* GeosansLight.ttf */; };
		20458F2719B7C9E500E65EFE /* UIFont+FEIA.m in Sources */ = {isa = PBXBuildFile; fileRef = 20458F2619B7C9E500E65EFE /* UIFont+FEIA.m */; };
		20458F2A19B7CAF300E65EFE /* UIView+FEIA.m in Sources */ = {isa = PBXBuildFile; fileRef = 20458F2919B7CAF300E65EFE /* UIView+FEIA.m */; };
		20458F2D19B7CC6800E65EFE /* FEIATextField.m in Sources */ = {isa = PBXBuildFile; fileRef = 20458F2C19B7CC6800E65EFE /* FEIATextField.m */; };
		20458F3019B7CC7600E65EFE /* FEIALabel.m in Sources */ = {isa = PBXBuildFile; fileRef = 20458F2F19B7CC7600E65EFE /* FEIALabel.m */; };
		20458F3319B7CC9400E65EFE /* FEIAButton.m in Sources */ = {isa = PBXBuildFile; fileRef = 20458F3219B7CC9400E65EFE /* FEIAButton.m */; };
		20458F3619B7FEE000E65EFE /* MyEvent.m in Sources */ = {isa = PBXBuildFile; fileRef = 20458F3519B7FEE000E65EFE /* MyEvent.m */; };
		20CB8A1919AC1C310076C1F8 /* EventManager.m in Sources */ = {isa = PBXBuildFile; fileRef = 20CB8A1819AC1C310076C1F8 /* EventManager.m */; };
		20CB8A1D19AC21510076C1F8 /* FeiaCollectionViewCell.m in Sources */ = {isa = PBXBuildFile; fileRef = 20CB8A1C19AC21510076C1F8 /* FeiaCollectionViewCell.m */; };
		20CB8A2119AC34630076C1F8 /* UIColor+FEIA.m in Sources */ = {isa = PBXBuildFile; fileRef = 20CB8A2019AC34630076C1F8 /* UIColor+FEIA.m */; };
		20CB8A2419AC34850076C1F8 /* NSDate+FEIA.m in Sources */ = {isa = PBXBuildFile; fileRef = 20CB8A2319AC34850076C1F8 /* NSDate+FEIA.m */; };
		20CB8A2719AC3F790076C1F8 /* EventInfoViewController.m in Sources */ = {isa = PBXBuildFile; fileRef = 20CB8A2619AC3F790076C1F8 /* EventInfoViewController.m */; };
		20E3F068199AF1E200BA1CA8 /* BaseViewController.m in Sources */ = {isa = PBXBuildFile; fileRef = 20E3F067199AF1E200BA1CA8 /* BaseViewController.m */; };
		20E3F06B199AF23900BA1CA8 /* MainViewController.m in Sources */ = {isa = PBXBuildFile; fileRef = 20E3F06A199AF23900BA1CA8 /* MainViewController.m */; };
		20E3F06E199B02A700BA1CA8 /* CalendarViewController.m in Sources */ = {isa = PBXBuildFile; fileRef = 20E3F06D199B02A700BA1CA8 /* CalendarViewController.m */; };
		20E3F071199B02C100BA1CA8 /* WorkshopViewController.m in Sources */ = {isa = PBXBuildFile; fileRef = 20E3F070199B02C100BA1CA8 /* WorkshopViewController.m */; };
		20E3F074199B02CB00BA1CA8 /* ExhibitionViewController.m in Sources */ = {isa = PBXBuildFile; fileRef = 20E3F073199B02CB00BA1CA8 /* ExhibitionViewController.m */; };
		20E3F077199B02D700BA1CA8 /* PartyViewController.m in Sources */ = {isa = PBXBuildFile; fileRef = 20E3F076199B02D700BA1CA8 /* PartyViewController.m */; };
		20E3F07A199B02E200BA1CA8 /* PartnerViewController.m in Sources */ = {isa = PBXBuildFile; fileRef = 20E3F079199B02E200BA1CA8 /* PartnerViewController.m */; };
		20E3F07D199B02EB00BA1CA8 /* MapViewController.m in Sources */ = {isa = PBXBuildFile; fileRef = 20E3F07C199B02EB00BA1CA8 /* MapViewController.m */; };
		20E3F080199B02F200BA1CA8 /* ContactViewController.m in Sources */ = {isa = PBXBuildFile; fileRef = 20E3F07F199B02F200BA1CA8 /* ContactViewController.m */; };
		20E3F083199B035100BA1CA8 /* BaseTableViewController.m in Sources */ = {isa = PBXBuildFile; fileRef = 20E3F082199B035100BA1CA8 /* BaseTableViewController.m */; };
		705BB95819BF38D200A37B1A /* eventsLatin.json in Resources */ = {isa = PBXBuildFile; fileRef = 705BB95719BF38D200A37B1A /* eventsLatin.json */; };
		70B71D1D19BE024700988E0E /* events.json in Resources */ = {isa = PBXBuildFile; fileRef = 70B71D1C19BE024700988E0E /* events.json */; };
		70B71D2019BF21F200988E0E /* PartyCollectionViewCell.m in Sources */ = {isa = PBXBuildFile; fileRef = 70B71D1F19BF21F200988E0E /* PartyCollectionViewCell.m */; };
		70D3FE53199A534F009DB094 /* Foundation.framework in Frameworks */ = {isa = PBXBuildFile; fileRef = 70D3FE52199A534F009DB094 /* Foundation.framework */; };
		70D3FE55199A534F009DB094 /* CoreGraphics.framework in Frameworks */ = {isa = PBXBuildFile; fileRef = 70D3FE54199A534F009DB094 /* CoreGraphics.framework */; };
		70D3FE57199A534F009DB094 /* UIKit.framework in Frameworks */ = {isa = PBXBuildFile; fileRef = 70D3FE56199A534F009DB094 /* UIKit.framework */; };
		70D3FE59199A534F009DB094 /* CoreData.framework in Frameworks */ = {isa = PBXBuildFile; fileRef = 70D3FE58199A534F009DB094 /* CoreData.framework */; };
		70D3FE5F199A534F009DB094 /* InfoPlist.strings in Resources */ = {isa = PBXBuildFile; fileRef = 70D3FE5D199A534F009DB094 /* InfoPlist.strings */; };
		70D3FE61199A534F009DB094 /* main.m in Sources */ = {isa = PBXBuildFile; fileRef = 70D3FE60199A534F009DB094 /* main.m */; };
		70D3FE65199A534F009DB094 /* AppDelegate.m in Sources */ = {isa = PBXBuildFile; fileRef = 70D3FE64199A534F009DB094 /* AppDelegate.m */; };
		70D3FE68199A534F009DB094 /* FEIA2014.xcdatamodeld in Sources */ = {isa = PBXBuildFile; fileRef = 70D3FE66199A534F009DB094 /* FEIA2014.xcdatamodeld */; };
		70D3FE6A199A534F009DB094 /* Images.xcassets in Resources */ = {isa = PBXBuildFile; fileRef = 70D3FE69199A534F009DB094 /* Images.xcassets */; };
		70D3FE71199A534F009DB094 /* XCTest.framework in Frameworks */ = {isa = PBXBuildFile; fileRef = 70D3FE70199A534F009DB094 /* XCTest.framework */; };
		70D3FE72199A534F009DB094 /* Foundation.framework in Frameworks */ = {isa = PBXBuildFile; fileRef = 70D3FE52199A534F009DB094 /* Foundation.framework */; };
		70D3FE73199A534F009DB094 /* UIKit.framework in Frameworks */ = {isa = PBXBuildFile; fileRef = 70D3FE56199A534F009DB094 /* UIKit.framework */; };
		70D3FE74199A534F009DB094 /* CoreData.framework in Frameworks */ = {isa = PBXBuildFile; fileRef = 70D3FE58199A534F009DB094 /* CoreData.framework */; };
		70D3FE7C199A534F009DB094 /* InfoPlist.strings in Resources */ = {isa = PBXBuildFile; fileRef = 70D3FE7A199A534F009DB094 /* InfoPlist.strings */; };
		70D3FE7E199A534F009DB094 /* FEIA2014Tests.m in Sources */ = {isa = PBXBuildFile; fileRef = 70D3FE7D199A534F009DB094 /* FEIA2014Tests.m */; };
		70D3FE88199A5A22009DB094 /* Storyboard_iPad.storyboard in Resources */ = {isa = PBXBuildFile; fileRef = 70D3FE87199A5A22009DB094 /* Storyboard_iPad.storyboard */; };
		70D3FE8A199A5A32009DB094 /* Storyboard_iPhone.storyboard in Resources */ = {isa = PBXBuildFile; fileRef = 70D3FE89199A5A32009DB094 /* Storyboard_iPhone.storyboard */; };
		70D3FE8E199A5B2E009DB094 /* MenuViewController.m in Sources */ = {isa = PBXBuildFile; fileRef = 70D3FE8D199A5B2E009DB094 /* MenuViewController.m */; };
		70D3FE92199A5FE7009DB094 /* Event.m in Sources */ = {isa = PBXBuildFile; fileRef = 70D3FE91199A5FE7009DB094 /* Event.m */; };
		70D3FE95199A5FF5009DB094 /* Place.m in Sources */ = {isa = PBXBuildFile; fileRef = 70D3FE94199A5FF5009DB094 /* Place.m */; };
		70D3FE98199A6000009DB094 /* Partners.m in Sources */ = {isa = PBXBuildFile; fileRef = 70D3FE97199A6000009DB094 /* Partners.m */; };
		CB5FDF8C28B844839D6A744E /* libPods-FEIA2014.a in Frameworks */ = {isa = PBXBuildFile; fileRef = 42F3966719BE4B19B3D03B47 /* libPods-FEIA2014.a */; };
/* End PBXBuildFile section */

/* Begin PBXContainerItemProxy section */
		70D3FE75199A534F009DB094 /* PBXContainerItemProxy */ = {
			isa = PBXContainerItemProxy;
			containerPortal = 70D3FE47199A534F009DB094 /* Project object */;
			proxyType = 1;
			remoteGlobalIDString = 70D3FE4E199A534F009DB094;
			remoteInfo = FEIA2014;
		};
/* End PBXContainerItemProxy section */

/* Begin PBXFileReference section */
		0468B5DDAB2C4AB4953386A2 /* Pods-FEIA2014.xcconfig */ = {isa = PBXFileReference; includeInIndex = 1; lastKnownFileType = text.xcconfig; name = "Pods-FEIA2014.xcconfig"; path = "Pods/Pods-FEIA2014.xcconfig"; sourceTree = "<group>"; };
		200CBFF919BEA03300DE39F4 /* Humanst521.ttf */ = {isa = PBXFileReference; lastKnownFileType = file; path = Humanst521.ttf; sourceTree = "<group>"; };
		200CBFFB19BED7C300DE39F4 /* ExhibitionCollectionViewCell.h */ = {isa = PBXFileReference; fileEncoding = 4; lastKnownFileType = sourcecode.c.h; path = ExhibitionCollectionViewCell.h; sourceTree = "<group>"; };
		200CBFFC19BED7C300DE39F4 /* ExhibitionCollectionViewCell.m */ = {isa = PBXFileReference; fileEncoding = 4; lastKnownFileType = sourcecode.c.objc; path = ExhibitionCollectionViewCell.m; sourceTree = "<group>"; };
		201B348119B43D680081CC1C /* FEIACategoryPickerTextField.h */ = {isa = PBXFileReference; fileEncoding = 4; lastKnownFileType = sourcecode.c.h; path = FEIACategoryPickerTextField.h; sourceTree = "<group>"; };
		201B348219B43D680081CC1C /* FEIACategoryPickerTextField.m */ = {isa = PBXFileReference; fileEncoding = 4; lastKnownFileType = sourcecode.c.objc; path = FEIACategoryPickerTextField.m; sourceTree = "<group>"; };
		201B348419B44FA30081CC1C /* UIImage+FEIA.h */ = {isa = PBXFileReference; fileEncoding = 4; lastKnownFileType = sourcecode.c.h; path = "UIImage+FEIA.h"; sourceTree = "<group>"; };
		201B348519B44FA30081CC1C /* UIImage+FEIA.m */ = {isa = PBXFileReference; fileEncoding = 4; lastKnownFileType = sourcecode.c.objc; path = "UIImage+FEIA.m"; sourceTree = "<group>"; };
		201B348719B4660E0081CC1C /* MapKit.framework */ = {isa = PBXFileReference; lastKnownFileType = wrapper.framework; name = MapKit.framework; path = System/Library/Frameworks/MapKit.framework; sourceTree = SDKROOT; };
		201B34AE19B6C8830081CC1C /* GeosansLight-Oblique.ttf */ = {isa = PBXFileReference; lastKnownFileType = file; path = "GeosansLight-Oblique.ttf"; sourceTree = "<group>"; };
		201B34AF19B6C8830081CC1C /* GeosansLight.ttf */ = {isa = PBXFileReference; lastKnownFileType = file; path = GeosansLight.ttf; sourceTree = "<group>"; };
		2031505B19C0105C00D16A8B /* EventDB.h */ = {isa = PBXFileReference; fileEncoding = 4; lastKnownFileType = sourcecode.c.h; path = EventDB.h; sourceTree = "<group>"; };
		2031505C19C0105C00D16A8B /* EventDB.m */ = {isa = PBXFileReference; fileEncoding = 4; lastKnownFileType = sourcecode.c.objc; path = EventDB.m; sourceTree = "<group>"; };
		2031505E19C0238E00D16A8B /* DisplayMap.h */ = {isa = PBXFileReference; fileEncoding = 4; lastKnownFileType = sourcecode.c.h; path = DisplayMap.h; sourceTree = "<group>"; };
		2031505F19C0238E00D16A8B /* DisplayMap.m */ = {isa = PBXFileReference; fileEncoding = 4; lastKnownFileType = sourcecode.c.objc; path = DisplayMap.m; sourceTree = "<group>"; };
		20458F2119B7C66E00E65EFE /* eventos.txt */ = {isa = PBXFileReference; fileEncoding = 4; lastKnownFileType = text; path = eventos.txt; sourceTree = "<group>"; };
		20458F2519B7C9E500E65EFE /* UIFont+FEIA.h */ = {isa = PBXFileReference; fileEncoding = 4; lastKnownFileType = sourcecode.c.h; path = "UIFont+FEIA.h"; sourceTree = "<group>"; };
		20458F2619B7C9E500E65EFE /* UIFont+FEIA.m */ = {isa = PBXFileReference; fileEncoding = 4; lastKnownFileType = sourcecode.c.objc; path = "UIFont+FEIA.m"; sourceTree = "<group>"; };
		20458F2819B7CAF200E65EFE /* UIView+FEIA.h */ = {isa = PBXFileReference; fileEncoding = 4; lastKnownFileType = sourcecode.c.h; path = "UIView+FEIA.h"; sourceTree = "<group>"; };
		20458F2919B7CAF300E65EFE /* UIView+FEIA.m */ = {isa = PBXFileReference; fileEncoding = 4; lastKnownFileType = sourcecode.c.objc; path = "UIView+FEIA.m"; sourceTree = "<group>"; };
		20458F2B19B7CC6800E65EFE /* FEIATextField.h */ = {isa = PBXFileReference; fileEncoding = 4; lastKnownFileType = sourcecode.c.h; path = FEIATextField.h; sourceTree = "<group>"; };
		20458F2C19B7CC6800E65EFE /* FEIATextField.m */ = {isa = PBXFileReference; fileEncoding = 4; lastKnownFileType = sourcecode.c.objc; path = FEIATextField.m; sourceTree = "<group>"; };
		20458F2E19B7CC7600E65EFE /* FEIALabel.h */ = {isa = PBXFileReference; fileEncoding = 4; lastKnownFileType = sourcecode.c.h; path = FEIALabel.h; sourceTree = "<group>"; };
		20458F2F19B7CC7600E65EFE /* FEIALabel.m */ = {isa = PBXFileReference; fileEncoding = 4; lastKnownFileType = sourcecode.c.objc; path = FEIALabel.m; sourceTree = "<group>"; };
		20458F3119B7CC9400E65EFE /* FEIAButton.h */ = {isa = PBXFileReference; fileEncoding = 4; lastKnownFileType = sourcecode.c.h; path = FEIAButton.h; sourceTree = "<group>"; };
		20458F3219B7CC9400E65EFE /* FEIAButton.m */ = {isa = PBXFileReference; fileEncoding = 4; lastKnownFileType = sourcecode.c.objc; path = FEIAButton.m; sourceTree = "<group>"; };
		20458F3419B7FEE000E65EFE /* MyEvent.h */ = {isa = PBXFileReference; fileEncoding = 4; lastKnownFileType = sourcecode.c.h; path = MyEvent.h; sourceTree = "<group>"; };
		20458F3519B7FEE000E65EFE /* MyEvent.m */ = {isa = PBXFileReference; fileEncoding = 4; lastKnownFileType = sourcecode.c.objc; path = MyEvent.m; sourceTree = "<group>"; };
		20CB8A1719AC1C310076C1F8 /* EventManager.h */ = {isa = PBXFileReference; fileEncoding = 4; lastKnownFileType = sourcecode.c.h; path = EventManager.h; sourceTree = "<group>"; };
		20CB8A1819AC1C310076C1F8 /* EventManager.m */ = {isa = PBXFileReference; fileEncoding = 4; lastKnownFileType = sourcecode.c.objc; path = EventManager.m; sourceTree = "<group>"; };
		20CB8A1B19AC21510076C1F8 /* FeiaCollectionViewCell.h */ = {isa = PBXFileReference; fileEncoding = 4; lastKnownFileType = sourcecode.c.h; path = FeiaCollectionViewCell.h; sourceTree = "<group>"; };
		20CB8A1C19AC21510076C1F8 /* FeiaCollectionViewCell.m */ = {isa = PBXFileReference; fileEncoding = 4; lastKnownFileType = sourcecode.c.objc; path = FeiaCollectionViewCell.m; sourceTree = "<group>"; };
		20CB8A1F19AC34630076C1F8 /* UIColor+FEIA.h */ = {isa = PBXFileReference; fileEncoding = 4; lastKnownFileType = sourcecode.c.h; path = "UIColor+FEIA.h"; sourceTree = "<group>"; };
		20CB8A2019AC34630076C1F8 /* UIColor+FEIA.m */ = {isa = PBXFileReference; fileEncoding = 4; lastKnownFileType = sourcecode.c.objc; path = "UIColor+FEIA.m"; sourceTree = "<group>"; };
		20CB8A2219AC34850076C1F8 /* NSDate+FEIA.h */ = {isa = PBXFileReference; fileEncoding = 4; lastKnownFileType = sourcecode.c.h; path = "NSDate+FEIA.h"; sourceTree = "<group>"; };
		20CB8A2319AC34850076C1F8 /* NSDate+FEIA.m */ = {isa = PBXFileReference; fileEncoding = 4; lastKnownFileType = sourcecode.c.objc; path = "NSDate+FEIA.m"; sourceTree = "<group>"; };
		20CB8A2519AC3F790076C1F8 /* EventInfoViewController.h */ = {isa = PBXFileReference; fileEncoding = 4; lastKnownFileType = sourcecode.c.h; path = EventInfoViewController.h; sourceTree = "<group>"; };
		20CB8A2619AC3F790076C1F8 /* EventInfoViewController.m */ = {isa = PBXFileReference; fileEncoding = 4; lastKnownFileType = sourcecode.c.objc; path = EventInfoViewController.m; sourceTree = "<group>"; };
		20E3F066199AF1E200BA1CA8 /* BaseViewController.h */ = {isa = PBXFileReference; fileEncoding = 4; lastKnownFileType = sourcecode.c.h; path = BaseViewController.h; sourceTree = "<group>"; };
		20E3F067199AF1E200BA1CA8 /* BaseViewController.m */ = {isa = PBXFileReference; fileEncoding = 4; lastKnownFileType = sourcecode.c.objc; path = BaseViewController.m; sourceTree = "<group>"; };
		20E3F069199AF23900BA1CA8 /* MainViewController.h */ = {isa = PBXFileReference; fileEncoding = 4; lastKnownFileType = sourcecode.c.h; path = MainViewController.h; sourceTree = "<group>"; };
		20E3F06A199AF23900BA1CA8 /* MainViewController.m */ = {isa = PBXFileReference; fileEncoding = 4; lastKnownFileType = sourcecode.c.objc; path = MainViewController.m; sourceTree = "<group>"; };
		20E3F06C199B02A700BA1CA8 /* CalendarViewController.h */ = {isa = PBXFileReference; fileEncoding = 4; lastKnownFileType = sourcecode.c.h; path = CalendarViewController.h; sourceTree = "<group>"; };
		20E3F06D199B02A700BA1CA8 /* CalendarViewController.m */ = {isa = PBXFileReference; fileEncoding = 4; lastKnownFileType = sourcecode.c.objc; path = CalendarViewController.m; sourceTree = "<group>"; };
		20E3F06F199B02C100BA1CA8 /* WorkshopViewController.h */ = {isa = PBXFileReference; fileEncoding = 4; lastKnownFileType = sourcecode.c.h; path = WorkshopViewController.h; sourceTree = "<group>"; };
		20E3F070199B02C100BA1CA8 /* WorkshopViewController.m */ = {isa = PBXFileReference; fileEncoding = 4; lastKnownFileType = sourcecode.c.objc; path = WorkshopViewController.m; sourceTree = "<group>"; };
		20E3F072199B02CB00BA1CA8 /* ExhibitionViewController.h */ = {isa = PBXFileReference; fileEncoding = 4; lastKnownFileType = sourcecode.c.h; path = ExhibitionViewController.h; sourceTree = "<group>"; };
		20E3F073199B02CB00BA1CA8 /* ExhibitionViewController.m */ = {isa = PBXFileReference; fileEncoding = 4; lastKnownFileType = sourcecode.c.objc; path = ExhibitionViewController.m; sourceTree = "<group>"; };
		20E3F075199B02D700BA1CA8 /* PartyViewController.h */ = {isa = PBXFileReference; fileEncoding = 4; lastKnownFileType = sourcecode.c.h; path = PartyViewController.h; sourceTree = "<group>"; };
		20E3F076199B02D700BA1CA8 /* PartyViewController.m */ = {isa = PBXFileReference; fileEncoding = 4; lastKnownFileType = sourcecode.c.objc; path = PartyViewController.m; sourceTree = "<group>"; };
		20E3F078199B02E200BA1CA8 /* PartnerViewController.h */ = {isa = PBXFileReference; fileEncoding = 4; lastKnownFileType = sourcecode.c.h; path = PartnerViewController.h; sourceTree = "<group>"; };
		20E3F079199B02E200BA1CA8 /* PartnerViewController.m */ = {isa = PBXFileReference; fileEncoding = 4; lastKnownFileType = sourcecode.c.objc; path = PartnerViewController.m; sourceTree = "<group>"; };
		20E3F07B199B02EB00BA1CA8 /* MapViewController.h */ = {isa = PBXFileReference; fileEncoding = 4; lastKnownFileType = sourcecode.c.h; path = MapViewController.h; sourceTree = "<group>"; };
		20E3F07C199B02EB00BA1CA8 /* MapViewController.m */ = {isa = PBXFileReference; fileEncoding = 4; lastKnownFileType = sourcecode.c.objc; path = MapViewController.m; sourceTree = "<group>"; };
		20E3F07E199B02F200BA1CA8 /* ContactViewController.h */ = {isa = PBXFileReference; fileEncoding = 4; lastKnownFileType = sourcecode.c.h; path = ContactViewController.h; sourceTree = "<group>"; };
		20E3F07F199B02F200BA1CA8 /* ContactViewController.m */ = {isa = PBXFileReference; fileEncoding = 4; lastKnownFileType = sourcecode.c.objc; path = ContactViewController.m; sourceTree = "<group>"; };
		20E3F081199B035100BA1CA8 /* BaseTableViewController.h */ = {isa = PBXFileReference; fileEncoding = 4; lastKnownFileType = sourcecode.c.h; path = BaseTableViewController.h; sourceTree = "<group>"; };
		20E3F082199B035100BA1CA8 /* BaseTableViewController.m */ = {isa = PBXFileReference; fileEncoding = 4; lastKnownFileType = sourcecode.c.objc; path = BaseTableViewController.m; sourceTree = "<group>"; };
		42F3966719BE4B19B3D03B47 /* libPods-FEIA2014.a */ = {isa = PBXFileReference; explicitFileType = archive.ar; includeInIndex = 0; path = "libPods-FEIA2014.a"; sourceTree = BUILT_PRODUCTS_DIR; };
		705BB95719BF38D200A37B1A /* eventsLatin.json */ = {isa = PBXFileReference; fileEncoding = 4; lastKnownFileType = text.json; path = eventsLatin.json; sourceTree = "<group>"; };
		70B71D1C19BE024700988E0E /* events.json */ = {isa = PBXFileReference; fileEncoding = 4; lastKnownFileType = text.json; name = events.json; path = Resources/events.json; sourceTree = "<group>"; };
		70B71D1E19BF21F200988E0E /* PartyCollectionViewCell.h */ = {isa = PBXFileReference; fileEncoding = 4; lastKnownFileType = sourcecode.c.h; path = PartyCollectionViewCell.h; sourceTree = "<group>"; };
		70B71D1F19BF21F200988E0E /* PartyCollectionViewCell.m */ = {isa = PBXFileReference; fileEncoding = 4; lastKnownFileType = sourcecode.c.objc; path = PartyCollectionViewCell.m; sourceTree = "<group>"; };
		70D3FE4F199A534F009DB094 /* FEIA2014.app */ = {isa = PBXFileReference; explicitFileType = wrapper.application; includeInIndex = 0; path = FEIA2014.app; sourceTree = BUILT_PRODUCTS_DIR; };
		70D3FE52199A534F009DB094 /* Foundation.framework */ = {isa = PBXFileReference; lastKnownFileType = wrapper.framework; name = Foundation.framework; path = System/Library/Frameworks/Foundation.framework; sourceTree = SDKROOT; };
		70D3FE54199A534F009DB094 /* CoreGraphics.framework */ = {isa = PBXFileReference; lastKnownFileType = wrapper.framework; name = CoreGraphics.framework; path = System/Library/Frameworks/CoreGraphics.framework; sourceTree = SDKROOT; };
		70D3FE56199A534F009DB094 /* UIKit.framework */ = {isa = PBXFileReference; lastKnownFileType = wrapper.framework; name = UIKit.framework; path = System/Library/Frameworks/UIKit.framework; sourceTree = SDKROOT; };
		70D3FE58199A534F009DB094 /* CoreData.framework */ = {isa = PBXFileReference; lastKnownFileType = wrapper.framework; name = CoreData.framework; path = System/Library/Frameworks/CoreData.framework; sourceTree = SDKROOT; };
		70D3FE5C199A534F009DB094 /* FEIA2014-Info.plist */ = {isa = PBXFileReference; lastKnownFileType = text.plist.xml; path = "FEIA2014-Info.plist"; sourceTree = "<group>"; };
		70D3FE5E199A534F009DB094 /* en */ = {isa = PBXFileReference; lastKnownFileType = text.plist.strings; name = en; path = en.lproj/InfoPlist.strings; sourceTree = "<group>"; };
		70D3FE60199A534F009DB094 /* main.m */ = {isa = PBXFileReference; lastKnownFileType = sourcecode.c.objc; path = main.m; sourceTree = "<group>"; };
		70D3FE62199A534F009DB094 /* FEIA2014-Prefix.pch */ = {isa = PBXFileReference; lastKnownFileType = sourcecode.c.h; path = "FEIA2014-Prefix.pch"; sourceTree = "<group>"; };
		70D3FE63199A534F009DB094 /* AppDelegate.h */ = {isa = PBXFileReference; lastKnownFileType = sourcecode.c.h; path = AppDelegate.h; sourceTree = "<group>"; };
		70D3FE64199A534F009DB094 /* AppDelegate.m */ = {isa = PBXFileReference; lastKnownFileType = sourcecode.c.objc; path = AppDelegate.m; sourceTree = "<group>"; };
		70D3FE67199A534F009DB094 /* FEIA2014.xcdatamodel */ = {isa = PBXFileReference; lastKnownFileType = wrapper.xcdatamodel; path = FEIA2014.xcdatamodel; sourceTree = "<group>"; };
		70D3FE69199A534F009DB094 /* Images.xcassets */ = {isa = PBXFileReference; lastKnownFileType = folder.assetcatalog; path = Images.xcassets; sourceTree = "<group>"; };
		70D3FE6F199A534F009DB094 /* FEIA2014Tests.xctest */ = {isa = PBXFileReference; explicitFileType = wrapper.cfbundle; includeInIndex = 0; path = FEIA2014Tests.xctest; sourceTree = BUILT_PRODUCTS_DIR; };
		70D3FE70199A534F009DB094 /* XCTest.framework */ = {isa = PBXFileReference; lastKnownFileType = wrapper.framework; name = XCTest.framework; path = Library/Frameworks/XCTest.framework; sourceTree = DEVELOPER_DIR; };
		70D3FE79199A534F009DB094 /* FEIA2014Tests-Info.plist */ = {isa = PBXFileReference; lastKnownFileType = text.plist.xml; path = "FEIA2014Tests-Info.plist"; sourceTree = "<group>"; };
		70D3FE7B199A534F009DB094 /* en */ = {isa = PBXFileReference; lastKnownFileType = text.plist.strings; name = en; path = en.lproj/InfoPlist.strings; sourceTree = "<group>"; };
		70D3FE7D199A534F009DB094 /* FEIA2014Tests.m */ = {isa = PBXFileReference; lastKnownFileType = sourcecode.c.objc; path = FEIA2014Tests.m; sourceTree = "<group>"; };
		70D3FE87199A5A22009DB094 /* Storyboard_iPad.storyboard */ = {isa = PBXFileReference; fileEncoding = 4; lastKnownFileType = file.storyboard; path = Storyboard_iPad.storyboard; sourceTree = "<group>"; };
		70D3FE89199A5A32009DB094 /* Storyboard_iPhone.storyboard */ = {isa = PBXFileReference; fileEncoding = 4; lastKnownFileType = file.storyboard; path = Storyboard_iPhone.storyboard; sourceTree = "<group>"; };
		70D3FE8C199A5B2E009DB094 /* MenuViewController.h */ = {isa = PBXFileReference; fileEncoding = 4; lastKnownFileType = sourcecode.c.h; path = MenuViewController.h; sourceTree = "<group>"; };
		70D3FE8D199A5B2E009DB094 /* MenuViewController.m */ = {isa = PBXFileReference; fileEncoding = 4; lastKnownFileType = sourcecode.c.objc; path = MenuViewController.m; sourceTree = "<group>"; };
		70D3FE90199A5FE7009DB094 /* Event.h */ = {isa = PBXFileReference; fileEncoding = 4; lastKnownFileType = sourcecode.c.h; path = Event.h; sourceTree = "<group>"; };
		70D3FE91199A5FE7009DB094 /* Event.m */ = {isa = PBXFileReference; fileEncoding = 4; lastKnownFileType = sourcecode.c.objc; path = Event.m; sourceTree = "<group>"; };
		70D3FE93199A5FF5009DB094 /* Place.h */ = {isa = PBXFileReference; fileEncoding = 4; lastKnownFileType = sourcecode.c.h; path = Place.h; sourceTree = "<group>"; };
		70D3FE94199A5FF5009DB094 /* Place.m */ = {isa = PBXFileReference; fileEncoding = 4; lastKnownFileType = sourcecode.c.objc; path = Place.m; sourceTree = "<group>"; };
		70D3FE96199A6000009DB094 /* Partners.h */ = {isa = PBXFileReference; fileEncoding = 4; lastKnownFileType = sourcecode.c.h; path = Partners.h; sourceTree = "<group>"; };
		70D3FE97199A6000009DB094 /* Partners.m */ = {isa = PBXFileReference; fileEncoding = 4; lastKnownFileType = sourcecode.c.objc; path = Partners.m; sourceTree = "<group>"; };
/* End PBXFileReference section */

/* Begin PBXFrameworksBuildPhase section */
		70D3FE4C199A534F009DB094 /* Frameworks */ = {
			isa = PBXFrameworksBuildPhase;
			buildActionMask = 2147483647;
			files = (
				201B348819B4660E0081CC1C /* MapKit.framework in Frameworks */,
				70D3FE55199A534F009DB094 /* CoreGraphics.framework in Frameworks */,
				70D3FE59199A534F009DB094 /* CoreData.framework in Frameworks */,
				70D3FE57199A534F009DB094 /* UIKit.framework in Frameworks */,
				70D3FE53199A534F009DB094 /* Foundation.framework in Frameworks */,
				CB5FDF8C28B844839D6A744E /* libPods-FEIA2014.a in Frameworks */,
			);
			runOnlyForDeploymentPostprocessing = 0;
		};
		70D3FE6C199A534F009DB094 /* Frameworks */ = {
			isa = PBXFrameworksBuildPhase;
			buildActionMask = 2147483647;
			files = (
				70D3FE71199A534F009DB094 /* XCTest.framework in Frameworks */,
				70D3FE74199A534F009DB094 /* CoreData.framework in Frameworks */,
				70D3FE73199A534F009DB094 /* UIKit.framework in Frameworks */,
				70D3FE72199A534F009DB094 /* Foundation.framework in Frameworks */,
			);
			runOnlyForDeploymentPostprocessing = 0;
		};
/* End PBXFrameworksBuildPhase section */

/* Begin PBXGroup section */
		201B348019B43D290081CC1C /* Views */ = {
			isa = PBXGroup;
			children = (
				201B348119B43D680081CC1C /* FEIACategoryPickerTextField.h */,
				201B348219B43D680081CC1C /* FEIACategoryPickerTextField.m */,
				20458F2B19B7CC6800E65EFE /* FEIATextField.h */,
				20458F2C19B7CC6800E65EFE /* FEIATextField.m */,
				20458F2E19B7CC7600E65EFE /* FEIALabel.h */,
				20458F2F19B7CC7600E65EFE /* FEIALabel.m */,
				20458F3119B7CC9400E65EFE /* FEIAButton.h */,
				20458F3219B7CC9400E65EFE /* FEIAButton.m */,
			);
			name = Views;
			sourceTree = "<group>";
		};
		201B34AD19B6C6E80081CC1C /* Resources */ = {
			isa = PBXGroup;
			children = (
				200CBFF919BEA03300DE39F4 /* Humanst521.ttf */,
				70B71D1C19BE024700988E0E /* events.json */,
				201B34AE19B6C8830081CC1C /* GeosansLight-Oblique.ttf */,
				201B34AF19B6C8830081CC1C /* GeosansLight.ttf */,
				20458F2119B7C66E00E65EFE /* eventos.txt */,
				705BB95719BF38D200A37B1A /* eventsLatin.json */,
			);
			name = Resources;
			sourceTree = "<group>";
		};
		20CB8A1A19AC212A0076C1F8 /* Cells */ = {
			isa = PBXGroup;
			children = (
				20CB8A1B19AC21510076C1F8 /* FeiaCollectionViewCell.h */,
				20CB8A1C19AC21510076C1F8 /* FeiaCollectionViewCell.m */,
				200CBFFB19BED7C300DE39F4 /* ExhibitionCollectionViewCell.h */,
				200CBFFC19BED7C300DE39F4 /* ExhibitionCollectionViewCell.m */,
				70B71D1E19BF21F200988E0E /* PartyCollectionViewCell.h */,
				70B71D1F19BF21F200988E0E /* PartyCollectionViewCell.m */,
			);
			name = Cells;
			sourceTree = "<group>";
		};
		20CB8A1E19AC34400076C1F8 /* Categories */ = {
			isa = PBXGroup;
			children = (
				20CB8A1F19AC34630076C1F8 /* UIColor+FEIA.h */,
				20CB8A2019AC34630076C1F8 /* UIColor+FEIA.m */,
				20CB8A2219AC34850076C1F8 /* NSDate+FEIA.h */,
				20CB8A2319AC34850076C1F8 /* NSDate+FEIA.m */,
				201B348419B44FA30081CC1C /* UIImage+FEIA.h */,
				201B348519B44FA30081CC1C /* UIImage+FEIA.m */,
				20458F2519B7C9E500E65EFE /* UIFont+FEIA.h */,
				20458F2619B7C9E500E65EFE /* UIFont+FEIA.m */,
				20458F2819B7CAF200E65EFE /* UIView+FEIA.h */,
				20458F2919B7CAF300E65EFE /* UIView+FEIA.m */,
			);
			name = Categories;
			sourceTree = "<group>";
		};
		70D3FE46199A534F009DB094 = {
			isa = PBXGroup;
			children = (
				70D3FE5A199A534F009DB094 /* FEIA2014 */,
				70D3FE77199A534F009DB094 /* FEIA2014Tests */,
				70D3FE51199A534F009DB094 /* Frameworks */,
				70D3FE50199A534F009DB094 /* Products */,
				0468B5DDAB2C4AB4953386A2 /* Pods-FEIA2014.xcconfig */,
			);
			sourceTree = "<group>";
		};
		70D3FE50199A534F009DB094 /* Products */ = {
			isa = PBXGroup;
			children = (
				70D3FE4F199A534F009DB094 /* FEIA2014.app */,
				70D3FE6F199A534F009DB094 /* FEIA2014Tests.xctest */,
			);
			name = Products;
			sourceTree = "<group>";
		};
		70D3FE51199A534F009DB094 /* Frameworks */ = {
			isa = PBXGroup;
			children = (
				201B348719B4660E0081CC1C /* MapKit.framework */,
				70D3FE52199A534F009DB094 /* Foundation.framework */,
				70D3FE54199A534F009DB094 /* CoreGraphics.framework */,
				70D3FE56199A534F009DB094 /* UIKit.framework */,
				70D3FE58199A534F009DB094 /* CoreData.framework */,
				70D3FE70199A534F009DB094 /* XCTest.framework */,
				42F3966719BE4B19B3D03B47 /* libPods-FEIA2014.a */,
			);
			name = Frameworks;
			sourceTree = "<group>";
		};
		70D3FE5A199A534F009DB094 /* FEIA2014 */ = {
			isa = PBXGroup;
			children = (
				70D3FE63199A534F009DB094 /* AppDelegate.h */,
				70D3FE64199A534F009DB094 /* AppDelegate.m */,
				20CB8A1E19AC34400076C1F8 /* Categories */,
				20CB8A1A19AC212A0076C1F8 /* Cells */,
				70D3FE8B199A5AF8009DB094 /* Controllers */,
				70D3FE66199A534F009DB094 /* FEIA2014.xcdatamodeld */,
				70D3FE69199A534F009DB094 /* Images.xcassets */,
				70D3FE8F199A5FCC009DB094 /* Model */,
				201B34AD19B6C6E80081CC1C /* Resources */,
				70D3FE87199A5A22009DB094 /* Storyboard_iPad.storyboard */,
				70D3FE89199A5A32009DB094 /* Storyboard_iPhone.storyboard */,
				70D3FE5B199A534F009DB094 /* Supporting Files */,
				201B348019B43D290081CC1C /* Views */,
			);
			path = FEIA2014;
			sourceTree = "<group>";
		};
		70D3FE5B199A534F009DB094 /* Supporting Files */ = {
			isa = PBXGroup;
			children = (
				70D3FE5C199A534F009DB094 /* FEIA2014-Info.plist */,
				70D3FE5D199A534F009DB094 /* InfoPlist.strings */,
				70D3FE60199A534F009DB094 /* main.m */,
				70D3FE62199A534F009DB094 /* FEIA2014-Prefix.pch */,
			);
			name = "Supporting Files";
			sourceTree = "<group>";
		};
		70D3FE77199A534F009DB094 /* FEIA2014Tests */ = {
			isa = PBXGroup;
			children = (
				70D3FE7D199A534F009DB094 /* FEIA2014Tests.m */,
				70D3FE78199A534F009DB094 /* Supporting Files */,
			);
			path = FEIA2014Tests;
			sourceTree = "<group>";
		};
		70D3FE78199A534F009DB094 /* Supporting Files */ = {
			isa = PBXGroup;
			children = (
				70D3FE79199A534F009DB094 /* FEIA2014Tests-Info.plist */,
				70D3FE7A199A534F009DB094 /* InfoPlist.strings */,
			);
			name = "Supporting Files";
			sourceTree = "<group>";
		};
		70D3FE8B199A5AF8009DB094 /* Controllers */ = {
			isa = PBXGroup;
			children = (
				70D3FE8C199A5B2E009DB094 /* MenuViewController.h */,
				70D3FE8D199A5B2E009DB094 /* MenuViewController.m */,
				20E3F066199AF1E200BA1CA8 /* BaseViewController.h */,
				20E3F067199AF1E200BA1CA8 /* BaseViewController.m */,
				20E3F069199AF23900BA1CA8 /* MainViewController.h */,
				20E3F06A199AF23900BA1CA8 /* MainViewController.m */,
				20E3F06C199B02A700BA1CA8 /* CalendarViewController.h */,
				20E3F06D199B02A700BA1CA8 /* CalendarViewController.m */,
				20E3F06F199B02C100BA1CA8 /* WorkshopViewController.h */,
				20E3F070199B02C100BA1CA8 /* WorkshopViewController.m */,
				20E3F072199B02CB00BA1CA8 /* ExhibitionViewController.h */,
				20E3F073199B02CB00BA1CA8 /* ExhibitionViewController.m */,
				20E3F075199B02D700BA1CA8 /* PartyViewController.h */,
				20E3F076199B02D700BA1CA8 /* PartyViewController.m */,
				20E3F078199B02E200BA1CA8 /* PartnerViewController.h */,
				20E3F079199B02E200BA1CA8 /* PartnerViewController.m */,
				20E3F07B199B02EB00BA1CA8 /* MapViewController.h */,
				20E3F07C199B02EB00BA1CA8 /* MapViewController.m */,
				20E3F07E199B02F200BA1CA8 /* ContactViewController.h */,
				20E3F07F199B02F200BA1CA8 /* ContactViewController.m */,
				20E3F081199B035100BA1CA8 /* BaseTableViewController.h */,
				20E3F082199B035100BA1CA8 /* BaseTableViewController.m */,
				20CB8A2519AC3F790076C1F8 /* EventInfoViewController.h */,
				20CB8A2619AC3F790076C1F8 /* EventInfoViewController.m */,
			);
			name = Controllers;
			sourceTree = "<group>";
		};
		70D3FE8F199A5FCC009DB094 /* Model */ = {
			isa = PBXGroup;
			children = (
				70D3FE90199A5FE7009DB094 /* Event.h */,
				70D3FE91199A5FE7009DB094 /* Event.m */,
				70D3FE93199A5FF5009DB094 /* Place.h */,
				70D3FE94199A5FF5009DB094 /* Place.m */,
				70D3FE96199A6000009DB094 /* Partners.h */,
				70D3FE97199A6000009DB094 /* Partners.m */,
				20CB8A1719AC1C310076C1F8 /* EventManager.h */,
				20CB8A1819AC1C310076C1F8 /* EventManager.m */,
				20458F3419B7FEE000E65EFE /* MyEvent.h */,
				20458F3519B7FEE000E65EFE /* MyEvent.m */,
				2031505B19C0105C00D16A8B /* EventDB.h */,
				2031505C19C0105C00D16A8B /* EventDB.m */,
				2031505E19C0238E00D16A8B /* DisplayMap.h */,
				2031505F19C0238E00D16A8B /* DisplayMap.m */,
			);
			name = Model;
			sourceTree = "<group>";
		};
/* End PBXGroup section */

/* Begin PBXNativeTarget section */
		70D3FE4E199A534F009DB094 /* FEIA2014 */ = {
			isa = PBXNativeTarget;
			buildConfigurationList = 70D3FE81199A534F009DB094 /* Build configuration list for PBXNativeTarget "FEIA2014" */;
			buildPhases = (
				A22AA85C3B234764BB31A99C /* Check Pods Manifest.lock */,
				70D3FE4B199A534F009DB094 /* Sources */,
				70D3FE4C199A534F009DB094 /* Frameworks */,
				70D3FE4D199A534F009DB094 /* Resources */,
				B6D969EBBC614DA1BC8495C3 /* Copy Pods Resources */,
			);
			buildRules = (
			);
			dependencies = (
			);
			name = FEIA2014;
			productName = FEIA2014;
			productReference = 70D3FE4F199A534F009DB094 /* FEIA2014.app */;
			productType = "com.apple.product-type.application";
		};
		70D3FE6E199A534F009DB094 /* FEIA2014Tests */ = {
			isa = PBXNativeTarget;
			buildConfigurationList = 70D3FE84199A534F009DB094 /* Build configuration list for PBXNativeTarget "FEIA2014Tests" */;
			buildPhases = (
				70D3FE6B199A534F009DB094 /* Sources */,
				70D3FE6C199A534F009DB094 /* Frameworks */,
				70D3FE6D199A534F009DB094 /* Resources */,
			);
			buildRules = (
			);
			dependencies = (
				70D3FE76199A534F009DB094 /* PBXTargetDependency */,
			);
			name = FEIA2014Tests;
			productName = FEIA2014Tests;
			productReference = 70D3FE6F199A534F009DB094 /* FEIA2014Tests.xctest */;
			productType = "com.apple.product-type.bundle.unit-test";
		};
/* End PBXNativeTarget section */

/* Begin PBXProject section */
		70D3FE47199A534F009DB094 /* Project object */ = {
			isa = PBXProject;
			attributes = {
				LastUpgradeCheck = 0500;
				ORGANIZATIONNAME = "Ricardo Nunes de Miranda";
				TargetAttributes = {
					70D3FE4E199A534F009DB094 = {
						DevelopmentTeam = 57X628MP2X;
					};
					70D3FE6E199A534F009DB094 = {
						TestTargetID = 70D3FE4E199A534F009DB094;
					};
				};
			};
			buildConfigurationList = 70D3FE4A199A534F009DB094 /* Build configuration list for PBXProject "FEIA2014" */;
			compatibilityVersion = "Xcode 3.2";
			developmentRegion = English;
			hasScannedForEncodings = 0;
			knownRegions = (
				en,
			);
			mainGroup = 70D3FE46199A534F009DB094;
			productRefGroup = 70D3FE50199A534F009DB094 /* Products */;
			projectDirPath = "";
			projectRoot = "";
			targets = (
				70D3FE4E199A534F009DB094 /* FEIA2014 */,
				70D3FE6E199A534F009DB094 /* FEIA2014Tests */,
			);
		};
/* End PBXProject section */

/* Begin PBXResourcesBuildPhase section */
		70D3FE4D199A534F009DB094 /* Resources */ = {
			isa = PBXResourcesBuildPhase;
			buildActionMask = 2147483647;
			files = (
				70B71D1D19BE024700988E0E /* events.json in Resources */,
				20458F2319B7C8F800E65EFE /* GeosansLight-Oblique.ttf in Resources */,
				70D3FE5F199A534F009DB094 /* InfoPlist.strings in Resources */,
				70D3FE6A199A534F009DB094 /* Images.xcassets in Resources */,
				200CBFFA19BEA03300DE39F4 /* Humanst521.ttf in Resources */,
				20458F2419B7C8FB00E65EFE /* GeosansLight.ttf in Resources */,
				70D3FE8A199A5A32009DB094 /* Storyboard_iPhone.storyboard in Resources */,
				705BB95819BF38D200A37B1A /* eventsLatin.json in Resources */,
				20458F2219B7C66E00E65EFE /* eventos.txt in Resources */,
				70D3FE88199A5A22009DB094 /* Storyboard_iPad.storyboard in Resources */,
			);
			runOnlyForDeploymentPostprocessing = 0;
		};
		70D3FE6D199A534F009DB094 /* Resources */ = {
			isa = PBXResourcesBuildPhase;
			buildActionMask = 2147483647;
			files = (
				70D3FE7C199A534F009DB094 /* InfoPlist.strings in Resources */,
			);
			runOnlyForDeploymentPostprocessing = 0;
		};
/* End PBXResourcesBuildPhase section */

/* Begin PBXShellScriptBuildPhase section */
		A22AA85C3B234764BB31A99C /* Check Pods Manifest.lock */ = {
			isa = PBXShellScriptBuildPhase;
			buildActionMask = 2147483647;
			files = (
			);
			inputPaths = (
			);
			name = "Check Pods Manifest.lock";
			outputPaths = (
			);
			runOnlyForDeploymentPostprocessing = 0;
			shellPath = /bin/sh;
			shellScript = "diff \"${PODS_ROOT}/../Podfile.lock\" \"${PODS_ROOT}/Manifest.lock\" > /dev/null\nif [[ $? != 0 ]] ; then\n    cat << EOM\nerror: The sandbox is not in sync with the Podfile.lock. Run 'pod install' or update your CocoaPods installation.\nEOM\n    exit 1\nfi\n";
			showEnvVarsInLog = 0;
		};
		B6D969EBBC614DA1BC8495C3 /* Copy Pods Resources */ = {
			isa = PBXShellScriptBuildPhase;
			buildActionMask = 2147483647;
			files = (
			);
			inputPaths = (
			);
			name = "Copy Pods Resources";
			outputPaths = (
			);
			runOnlyForDeploymentPostprocessing = 0;
			shellPath = /bin/sh;
			shellScript = "\"${SRCROOT}/Pods/Pods-FEIA2014-resources.sh\"\n";
			showEnvVarsInLog = 0;
		};
/* End PBXShellScriptBuildPhase section */

/* Begin PBXSourcesBuildPhase section */
		70D3FE4B199A534F009DB094 /* Sources */ = {
			isa = PBXSourcesBuildPhase;
			buildActionMask = 2147483647;
			files = (
				2031505D19C0105C00D16A8B /* EventDB.m in Sources */,
				20458F3319B7CC9400E65EFE /* FEIAButton.m in Sources */,
				70D3FE68199A534F009DB094 /* FEIA2014.xcdatamodeld in Sources */,
				20E3F068199AF1E200BA1CA8 /* BaseViewController.m in Sources */,
				70D3FE65199A534F009DB094 /* AppDelegate.m in Sources */,
				20CB8A2719AC3F790076C1F8 /* EventInfoViewController.m in Sources */,
				70D3FE92199A5FE7009DB094 /* Event.m in Sources */,
				20458F3619B7FEE000E65EFE /* MyEvent.m in Sources */,
				20E3F06B199AF23900BA1CA8 /* MainViewController.m in Sources */,
				20458F2A19B7CAF300E65EFE /* UIView+FEIA.m in Sources */,
				70D3FE95199A5FF5009DB094 /* Place.m in Sources */,
				2031506019C0238E00D16A8B /* DisplayMap.m in Sources */,
				20458F2719B7C9E500E65EFE /* UIFont+FEIA.m in Sources */,
				70B71D2019BF21F200988E0E /* PartyCollectionViewCell.m in Sources */,
				70D3FE61199A534F009DB094 /* main.m in Sources */,
				20E3F071199B02C100BA1CA8 /* WorkshopViewController.m in Sources */,
				20CB8A1D19AC21510076C1F8 /* FeiaCollectionViewCell.m in Sources */,
				20458F3019B7CC7600E65EFE /* FEIALabel.m in Sources */,
				20CB8A1919AC1C310076C1F8 /* EventManager.m in Sources */,
				70D3FE8E199A5B2E009DB094 /* MenuViewController.m in Sources */,
				20E3F06E199B02A700BA1CA8 /* CalendarViewController.m in Sources */,
				20E3F083199B035100BA1CA8 /* BaseTableViewController.m in Sources */,
				70D3FE98199A6000009DB094 /* Partners.m in Sources */,
				201B348319B43D680081CC1C /* FEIACategoryPickerTextField.m in Sources */,
				20CB8A2119AC34630076C1F8 /* UIColor+FEIA.m in Sources */,
				20E3F077199B02D700BA1CA8 /* PartyViewController.m in Sources */,
				20458F2D19B7CC6800E65EFE /* FEIATextField.m in Sources */,
				201B348619B44FA30081CC1C /* UIImage+FEIA.m in Sources */,
				20E3F07D199B02EB00BA1CA8 /* MapViewController.m in Sources */,
				20E3F080199B02F200BA1CA8 /* ContactViewController.m in Sources */,
				20E3F074199B02CB00BA1CA8 /* ExhibitionViewController.m in Sources */,
				200CBFFD19BED7C300DE39F4 /* ExhibitionCollectionViewCell.m in Sources */,
				20E3F07A199B02E200BA1CA8 /* PartnerViewController.m in Sources */,
				20CB8A2419AC34850076C1F8 /* NSDate+FEIA.m in Sources */,
			);
			runOnlyForDeploymentPostprocessing = 0;
		};
		70D3FE6B199A534F009DB094 /* Sources */ = {
			isa = PBXSourcesBuildPhase;
			buildActionMask = 2147483647;
			files = (
				70D3FE7E199A534F009DB094 /* FEIA2014Tests.m in Sources */,
			);
			runOnlyForDeploymentPostprocessing = 0;
		};
/* End PBXSourcesBuildPhase section */

/* Begin PBXTargetDependency section */
		70D3FE76199A534F009DB094 /* PBXTargetDependency */ = {
			isa = PBXTargetDependency;
			target = 70D3FE4E199A534F009DB094 /* FEIA2014 */;
			targetProxy = 70D3FE75199A534F009DB094 /* PBXContainerItemProxy */;
		};
/* End PBXTargetDependency section */

/* Begin PBXVariantGroup section */
		70D3FE5D199A534F009DB094 /* InfoPlist.strings */ = {
			isa = PBXVariantGroup;
			children = (
				70D3FE5E199A534F009DB094 /* en */,
			);
			name = InfoPlist.strings;
			sourceTree = "<group>";
		};
		70D3FE7A199A534F009DB094 /* InfoPlist.strings */ = {
			isa = PBXVariantGroup;
			children = (
				70D3FE7B199A534F009DB094 /* en */,
			);
			name = InfoPlist.strings;
			sourceTree = "<group>";
		};
/* End PBXVariantGroup section */

/* Begin XCBuildConfiguration section */
		70D3FE7F199A534F009DB094 /* Debug */ = {
			isa = XCBuildConfiguration;
			buildSettings = {
				ALWAYS_SEARCH_USER_PATHS = NO;
				ARCHS = "$(ARCHS_STANDARD_INCLUDING_64_BIT)";
				CLANG_CXX_LANGUAGE_STANDARD = "gnu++0x";
				CLANG_CXX_LIBRARY = "libc++";
				CLANG_ENABLE_MODULES = YES;
				CLANG_ENABLE_OBJC_ARC = YES;
				CLANG_WARN_BOOL_CONVERSION = YES;
				CLANG_WARN_CONSTANT_CONVERSION = YES;
				CLANG_WARN_DIRECT_OBJC_ISA_USAGE = YES_ERROR;
				CLANG_WARN_EMPTY_BODY = YES;
				CLANG_WARN_ENUM_CONVERSION = YES;
				CLANG_WARN_INT_CONVERSION = YES;
				CLANG_WARN_OBJC_ROOT_CLASS = YES_ERROR;
				CLANG_WARN__DUPLICATE_METHOD_MATCH = YES;
				"CODE_SIGN_IDENTITY[sdk=iphoneos*]" = "iPhone Developer";
				COPY_PHASE_STRIP = NO;
				GCC_C_LANGUAGE_STANDARD = gnu99;
				GCC_DYNAMIC_NO_PIC = NO;
				GCC_OPTIMIZATION_LEVEL = 0;
				GCC_PREPROCESSOR_DEFINITIONS = (
					"DEBUG=1",
					"$(inherited)",
				);
				GCC_SYMBOLS_PRIVATE_EXTERN = NO;
				GCC_WARN_64_TO_32_BIT_CONVERSION = YES;
				GCC_WARN_ABOUT_RETURN_TYPE = YES_ERROR;
				GCC_WARN_UNDECLARED_SELECTOR = YES;
				GCC_WARN_UNINITIALIZED_AUTOS = YES;
				GCC_WARN_UNUSED_FUNCTION = YES;
				GCC_WARN_UNUSED_VARIABLE = YES;
				IPHONEOS_DEPLOYMENT_TARGET = 7.0;
				ONLY_ACTIVE_ARCH = YES;
				SDKROOT = iphoneos;
				TARGETED_DEVICE_FAMILY = "1,2";
			};
			name = Debug;
		};
		70D3FE80199A534F009DB094 /* Release */ = {
			isa = XCBuildConfiguration;
			buildSettings = {
				ALWAYS_SEARCH_USER_PATHS = NO;
				ARCHS = "$(ARCHS_STANDARD_INCLUDING_64_BIT)";
				CLANG_CXX_LANGUAGE_STANDARD = "gnu++0x";
				CLANG_CXX_LIBRARY = "libc++";
				CLANG_ENABLE_MODULES = YES;
				CLANG_ENABLE_OBJC_ARC = YES;
				CLANG_WARN_BOOL_CONVERSION = YES;
				CLANG_WARN_CONSTANT_CONVERSION = YES;
				CLANG_WARN_DIRECT_OBJC_ISA_USAGE = YES_ERROR;
				CLANG_WARN_EMPTY_BODY = YES;
				CLANG_WARN_ENUM_CONVERSION = YES;
				CLANG_WARN_INT_CONVERSION = YES;
				CLANG_WARN_OBJC_ROOT_CLASS = YES_ERROR;
				CLANG_WARN__DUPLICATE_METHOD_MATCH = YES;
				"CODE_SIGN_IDENTITY[sdk=iphoneos*]" = "iPhone Developer";
				COPY_PHASE_STRIP = YES;
				ENABLE_NS_ASSERTIONS = NO;
				GCC_C_LANGUAGE_STANDARD = gnu99;
				GCC_WARN_64_TO_32_BIT_CONVERSION = YES;
				GCC_WARN_ABOUT_RETURN_TYPE = YES_ERROR;
				GCC_WARN_UNDECLARED_SELECTOR = YES;
				GCC_WARN_UNINITIALIZED_AUTOS = YES;
				GCC_WARN_UNUSED_FUNCTION = YES;
				GCC_WARN_UNUSED_VARIABLE = YES;
				IPHONEOS_DEPLOYMENT_TARGET = 7.0;
				SDKROOT = iphoneos;
				TARGETED_DEVICE_FAMILY = "1,2";
				VALIDATE_PRODUCT = YES;
			};
			name = Release;
		};
		70D3FE82199A534F009DB094 /* Debug */ = {
			isa = XCBuildConfiguration;
			baseConfigurationReference = 0468B5DDAB2C4AB4953386A2 /* Pods-FEIA2014.xcconfig */;
			buildSettings = {
				ASSETCATALOG_COMPILER_APPICON_NAME = AppIcon;
				ASSETCATALOG_COMPILER_LAUNCHIMAGE_NAME = LaunchImage;
				CODE_SIGN_IDENTITY = "iPhone Distribution: Ricardo Miranda (57X628MP2X)";
				CURRENT_PROJECT_VERSION = 1.0;
				GCC_PRECOMPILE_PREFIX_HEADER = YES;
				GCC_PREFIX_HEADER = "FEIA2014/FEIA2014-Prefix.pch";
				INFOPLIST_FILE = "FEIA2014/FEIA2014-Info.plist";
				PRODUCT_NAME = "$(TARGET_NAME)";
				PROVISIONING_PROFILE = "9ffaeda4-6ce7-475c-bd74-7d5705cadeb1";
				WRAPPER_EXTENSION = app;
			};
			name = Debug;
		};
		70D3FE83199A534F009DB094 /* Release */ = {
			isa = XCBuildConfiguration;
			baseConfigurationReference = 0468B5DDAB2C4AB4953386A2 /* Pods-FEIA2014.xcconfig */;
			buildSettings = {
				ASSETCATALOG_COMPILER_APPICON_NAME = AppIcon;
				ASSETCATALOG_COMPILER_LAUNCHIMAGE_NAME = LaunchImage;
				CODE_SIGN_IDENTITY = "iPhone Distribution: Ricardo Miranda (57X628MP2X)";
				CURRENT_PROJECT_VERSION = 1.0;
				GCC_PRECOMPILE_PREFIX_HEADER = YES;
				GCC_PREFIX_HEADER = "FEIA2014/FEIA2014-Prefix.pch";
				INFOPLIST_FILE = "FEIA2014/FEIA2014-Info.plist";
				PRODUCT_NAME = "$(TARGET_NAME)";
				PROVISIONING_PROFILE = "9ffaeda4-6ce7-475c-bd74-7d5705cadeb1";
				WRAPPER_EXTENSION = app;
			};
			name = Release;
		};
		70D3FE85199A534F009DB094 /* Debug */ = {
			isa = XCBuildConfiguration;
			buildSettings = {
				ARCHS = "$(ARCHS_STANDARD_INCLUDING_64_BIT)";
				BUNDLE_LOADER = "$(BUILT_PRODUCTS_DIR)/FEIA2014.app/FEIA2014";
				FRAMEWORK_SEARCH_PATHS = (
					"$(SDKROOT)/Developer/Library/Frameworks",
					"$(inherited)",
					"$(DEVELOPER_FRAMEWORKS_DIR)",
				);
				GCC_PRECOMPILE_PREFIX_HEADER = YES;
				GCC_PREFIX_HEADER = "FEIA2014/FEIA2014-Prefix.pch";
				GCC_PREPROCESSOR_DEFINITIONS = (
					"DEBUG=1",
					"$(inherited)",
				);
				INFOPLIST_FILE = "FEIA2014Tests/FEIA2014Tests-Info.plist";
				PRODUCT_NAME = "$(TARGET_NAME)";
				TEST_HOST = "$(BUNDLE_LOADER)";
				WRAPPER_EXTENSION = xctest;
			};
			name = Debug;
		};
		70D3FE86199A534F009DB094 /* Release */ = {
			isa = XCBuildConfiguration;
			buildSettings = {
				ARCHS = "$(ARCHS_STANDARD_INCLUDING_64_BIT)";
				BUNDLE_LOADER = "$(BUILT_PRODUCTS_DIR)/FEIA2014.app/FEIA2014";
				FRAMEWORK_SEARCH_PATHS = (
					"$(SDKROOT)/Developer/Library/Frameworks",
					"$(inherited)",
					"$(DEVELOPER_FRAMEWORKS_DIR)",
				);
				GCC_PRECOMPILE_PREFIX_HEADER = YES;
				GCC_PREFIX_HEADER = "FEIA2014/FEIA2014-Prefix.pch";
				INFOPLIST_FILE = "FEIA2014Tests/FEIA2014Tests-Info.plist";
				PRODUCT_NAME = "$(TARGET_NAME)";
				TEST_HOST = "$(BUNDLE_LOADER)";
				WRAPPER_EXTENSION = xctest;
			};
			name = Release;
		};
/* End XCBuildConfiguration section */

/* Begin XCConfigurationList section */
		70D3FE4A199A534F009DB094 /* Build configuration list for PBXProject "FEIA2014" */ = {
			isa = XCConfigurationList;
			buildConfigurations = (
				70D3FE7F199A534F009DB094 /* Debug */,
				70D3FE80199A534F009DB094 /* Release */,
			);
			defaultConfigurationIsVisible = 0;
			defaultConfigurationName = Release;
		};
		70D3FE81199A534F009DB094 /* Build configuration list for PBXNativeTarget "FEIA2014" */ = {
			isa = XCConfigurationList;
			buildConfigurations = (
				70D3FE82199A534F009DB094 /* Debug */,
				70D3FE83199A534F009DB094 /* Release */,
			);
			defaultConfigurationIsVisible = 0;
			defaultConfigurationName = Release;
		};
		70D3FE84199A534F009DB094 /* Build configuration list for PBXNativeTarget "FEIA2014Tests" */ = {
			isa = XCConfigurationList;
			buildConfigurations = (
				70D3FE85199A534F009DB094 /* Debug */,
				70D3FE86199A534F009DB094 /* Release */,
			);
			defaultConfigurationIsVisible = 0;
			defaultConfigurationName = Release;
		};
/* End XCConfigurationList section */

/* Begin XCVersionGroup section */
		70D3FE66199A534F009DB094 /* FEIA2014.xcdatamodeld */ = {
			isa = XCVersionGroup;
			children = (
				70D3FE67199A534F009DB094 /* FEIA2014.xcdatamodel */,
			);
			currentVersion = 70D3FE67199A534F009DB094 /* FEIA2014.xcdatamodel */;
			path = FEIA2014.xcdatamodeld;
			sourceTree = "<group>";
			versionGroupType = wrapper.xcdatamodel;
		};
/* End XCVersionGroup section */
	};
	rootObject = 70D3FE47199A534F009DB094 /* Project object */;
}
